
Microsoft Visual Studio Solution File, Format Version 12.00
# Visual Studio Version 17
VisualStudioVersion = 17.5.33103.201
MinimumVisualStudioVersion = 10.0.40219.1
Project("{8BC9CEB8-8B4A-11D0-8D11-00A0C91BC942}") = "AmxModX Module", "AmxModX Module.vcxproj", "{FA9271EB-17AA-4A08-A81A-9446C4A798A5}"
EndProject
Global
	GlobalSection(SolutionConfigurationPlatforms) = preSolution
		Debug|Win32 = Debug|Win32
		Release|Win32 = Release|Win32
	EndGlobalSection
	GlobalSection(ProjectConfigurationPlatforms) = postSolution
		{FA9271EB-17AA-4A08-A81A-9446C4A798A5}.Debug|Win32.ActiveCfg = Debug|Win32
		{FA9271EB-17AA-4A08-A81A-9446C4A798A5}.Debug|Win32.Build.0 = Debug|Win32
		{FA9271EB-17AA-4A08-A81A-9446C4A798A5}.Release|Win32.ActiveCfg = Release|Win32
		{FA9271EB-17AA-4A08-A81A-9446C4A798A5}.Release|Win32.Build.0 = Release|Win32
	EndGlobalSection
	GlobalSection(SolutionProperties) = preSolution
		HideSolutionNode = FALSE
	EndGlobalSection
	GlobalSection(ExtensibilityGlobals) = postSolution
		SolutionGuid = {33DEBD74-6C53-4866-9B99-AE5ACD590720}
	EndGlobalSection
EndGlobal
